
Microsoft Visual Studio Solution File, Format Version 12.00
# Visual Studio Version 16
VisualStudioVersion = 16.0.31613.86
MinimumVisualStudioVersion = 10.0.40219.1
Project("{FAE04EC0-301F-11D3-BF4B-00C04F79EFBC}") = "Send-And-Delete", "Send-And-Delete.csproj", "{79DAD038-1F1F-46D5-B0AC-C21DE338689A}"
EndProject
Project("{54435603-DBB4-11D2-8724-00A0C9A8B90C}") = "Setup", "Setup\Setup.vdproj", "{C277765B-ECB6-4DD1-B601-8F033F1D2172}"
EndProject
Global
	GlobalSection(SolutionConfigurationPlatforms) = preSolution
		Debug|Any CPU = Debug|Any CPU
		Release|Any CPU = Release|Any CPU
	EndGlobalSection
	GlobalSection(ProjectConfigurationPlatforms) = postSolution
		{79DAD038-1F1F-46D5-B0AC-C21DE338689A}.Debug|Any CPU.ActiveCfg = Debug|Any CPU
		{79DAD038-1F1F-46D5-B0AC-C21DE338689A}.Debug|Any CPU.Build.0 = Debug|Any CPU
		{79DAD038-1F1F-46D5-B0AC-C21DE338689A}.Release|Any CPU.ActiveCfg = Release|Any CPU
		{79DAD038-1F1F-46D5-B0AC-C21DE338689A}.Release|Any CPU.Build.0 = Release|Any CPU
		{C277765B-ECB6-4DD1-B601-8F033F1D2172}.Debug|Any CPU.ActiveCfg = Debug
		{C277765B-ECB6-4DD1-B601-8F033F1D2172}.Release|Any CPU.ActiveCfg = Release
	EndGlobalSection
	GlobalSection(SolutionProperties) = preSolution
		HideSolutionNode = FALSE
	EndGlobalSection
	GlobalSection(ExtensibilityGlobals) = postSolution
		SolutionGuid = {4E979D27-0CEE-46BC-811B-5460CD3BA6D3}
	EndGlobalSection
EndGlobal
